# This file is automatically @generated by Cargo.
# It is not intended for manual editing.
version = 3

[[package]]
name = "aoc"
version = "0.1.0"

[[package]]
name = "day00"
version = "0.1.0"
dependencies = [
 "util",
]

[[package]]
name = "day01"
version = "0.1.0"
dependencies = [
 "util",
]

[[package]]
name = "day02"
version = "0.1.0"
dependencies = [
 "util",
]

[[package]]
name = "day03"
version = "0.1.0"
dependencies = [
 "util",
]

[[package]]
name = "day04"
version = "0.1.0"
dependencies = [
 "util",
]

[[package]]
name = "day05"
version = "0.1.0"
dependencies = [
 "util",
]

[[package]]
name = "day06"
version = "0.1.0"
dependencies = [
 "util",
]

[[package]]
name = "day07"
version = "0.1.0"
dependencies = [
 "util",
]

[[package]]
name = "day08"
version = "0.1.0"
dependencies = [
 "util",
]

[[package]]
name = "day09"
version = "0.1.0"
dependencies = [
 "util",
]

[[package]]
name = "day10"
version = "0.1.0"
dependencies = [
 "util",
]

[[package]]
name = "day11"
version = "0.1.0"
dependencies = [
 "util",
]

[[package]]
name = "day12"
version = "0.1.0"
dependencies = [
 "util",
]

[[package]]
name = "day13"
version = "0.1.0"
dependencies = [
 "util",
]

[[package]]
name = "day14"
version = "0.1.0"
dependencies = [
 "util",
]

[[package]]
name = "day15"
version = "0.1.0"
dependencies = [
 "util",
]

[[package]]
name = "day16"
version = "0.1.0"
dependencies = [
 "util",
]

[[package]]
name = "day17"
version = "0.1.0"
dependencies = [
 "util",
]

[[package]]
name = "day18"
version = "0.1.0"
dependencies = [
 "util",
]

[[package]]
name = "day19"
version = "0.1.0"
dependencies = [
 "util",
]

[[package]]
name = "day20"
version = "0.1.0"
dependencies = [
 "util",
]

[[package]]
name = "day21"
version = "0.1.0"
dependencies = [
 "util",
]

[[package]]
name = "day22"
version = "0.1.0"
dependencies = [
 "util",
]

[[package]]
name = "day23"
version = "0.1.0"
dependencies = [
 "util",
]

[[package]]
name = "day24"
version = "0.1.0"
dependencies = [
 "itertools",
 "util",
]

[[package]]
name = "either"
version = "1.6.1"
source = "registry+https://github.com/rust-lang/crates.io-index"
checksum = "e78d4f1cc4ae33bbfc157ed5d5a5ef3bc29227303d595861deb238fcec4e9457"

[[package]]
name = "itertools"
version = "0.10.3"
source = "registry+https://github.com/rust-lang/crates.io-index"
checksum = "a9a9d19fa1e79b6215ff29b9d6880b706147f16e9b1dbb1e4e5947b5b02bc5e3"
dependencies = [
 "either",
]

[[package]]
name = "util"
version = "0.1.0"
